
Microsoft Visual Studio Solution File, Format Version 12.00
# Visual Studio 15
VisualStudioVersion = 15.0.28307.168
MinimumVisualStudioVersion = 10.0.40219.1
Project("{9A19103F-16F7-4668-BE54-9A1E7A4F7556}") = "CustomerApi", "CustomerApi.csproj", "{0A260290-E393-4802-9D54-AFE054E86B92}"
EndProject
Global
	GlobalSection(SolutionConfigurationPlatforms) = preSolution
		Debug|Any CPU = Debug|Any CPU
		Release|Any CPU = Release|Any CPU
	EndGlobalSection
	GlobalSection(ProjectConfigurationPlatforms) = postSolution
		{0A260290-E393-4802-9D54-AFE054E86B92}.Debug|Any CPU.ActiveCfg = Debug|Any CPU
		{0A260290-E393-4802-9D54-AFE054E86B92}.Debug|Any CPU.Build.0 = Debug|Any CPU
		{0A260290-E393-4802-9D54-AFE054E86B92}.Release|Any CPU.ActiveCfg = Release|Any CPU
		{0A260290-E393-4802-9D54-AFE054E86B92}.Release|Any CPU.Build.0 = Release|Any CPU
	EndGlobalSection
	GlobalSection(SolutionProperties) = preSolution
		HideSolutionNode = FALSE
	EndGlobalSection
	GlobalSection(ExtensibilityGlobals) = postSolution
		SolutionGuid = {772642E3-6DFA-423B-955D-A355142087FA}
	EndGlobalSection
EndGlobal
